
Microsoft Visual Studio Solution File, Format Version 12.00
# Visual Studio Version 16
VisualStudioVersion = 16.0.31702.278
MinimumVisualStudioVersion = 10.0.40219.1
Project("{9A19103F-16F7-4668-BE54-9A1E7A4F7556}") = "String methods", "task2\String methods.csproj", "{C4308967-FF18-4F70-BD01-67AA18AAF082}"
EndProject
Project("{9A19103F-16F7-4668-BE54-9A1E7A4F7556}") = "StudentClassRegister(ConsoleApp)", "task3\StudentClassRegister(ConsoleApp).csproj", "{A2AF8C95-E0A4-43F4-80F6-24550F59D5CD}"
EndProject
Project("{9A19103F-16F7-4668-BE54-9A1E7A4F7556}") = "AccountCreate(ConsoleApp)", "task4\AccountCreate(ConsoleApp).csproj", "{2A96E6F1-504C-4251-959F-CDD32F3FFAD6}"
EndProject
Project("{9A19103F-16F7-4668-BE54-9A1E7A4F7556}") = "RegisterCountry(ConsoleApp)", "task5\RegisterCountry(ConsoleApp).csproj", "{D1E77D91-A759-4E79-BBB6-6F231DCF52ED}"
EndProject
Project("{9A19103F-16F7-4668-BE54-9A1E7A4F7556}") = "CreateClassAndRegisterStudent", "task6\CreateClassAndRegisterStudent.csproj", "{D1BD3159-02A2-490B-9442-1547AAD0FB08}"
EndProject
Project("{9A19103F-16F7-4668-BE54-9A1E7A4F7556}") = "OOPexamle", "task7(OOP)\OOPexamle.csproj", "{F4B9D2AB-A954-4CC6-B1D2-D6B5AE04803F}"
EndProject
Project("{9A19103F-16F7-4668-BE54-9A1E7A4F7556}") = "taskquiz", "taskquiz\taskquiz.csproj", "{2730996E-4178-40AC-BD29-57D55500782A}"
EndProject
Project("{9A19103F-16F7-4668-BE54-9A1E7A4F7556}") = "area calculation(interface)", "task10\area calculation(interface).csproj", "{59F603DF-2F1A-44CF-A0D4-01D7FA61A669}"
EndProject
Project("{9A19103F-16F7-4668-BE54-9A1E7A4F7556}") = "Medicine(ConsoleApp)", "task11(aptek)\Medicine(ConsoleApp).csproj", "{D91CBE5A-A5F9-4553-B755-67E29A6E548C}"
EndProject
Project("{9A19103F-16F7-4668-BE54-9A1E7A4F7556}") = "Delegate", "task12\Delegate.csproj", "{9055B09E-8857-4F35-B5B0-419879E3207C}"
EndProject
Project("{9A19103F-16F7-4668-BE54-9A1E7A4F7556}") = "ValuateExchange", "task13\ValuateExchange.csproj", "{5FFB6C5D-6C2E-438E-9992-DDB40B8F3965}"
EndProject
Project("{9A19103F-16F7-4668-BE54-9A1E7A4F7556}") = "RandomName(winform)", "winformders15\RandomName(winform).csproj", "{DB6D78FC-3F2B-46EE-9031-2593FBE4C2DE}"
EndProject
Project("{FAE04EC0-301F-11D3-BF4B-00C04F79EFBC}") = "MenuStudent(WinformApi)", "winformTask18\MenuStudent(WinformApi).csproj", "{B5F7083A-524F-4BCF-B7AE-6AA6B2253EB0}"
EndProject
Project("{FAE04EC0-301F-11D3-BF4B-00C04F79EFBC}") = "Student(winformAPi)", "winform16\Student(winformAPi).csproj", "{13E3E770-0802-411E-9781-4CBCDCE11FBF}"
EndProject
Project("{FAE04EC0-301F-11D3-BF4B-00C04F79EFBC}") = "Register(task24)", "Register(task24)\Register(task24).csproj", "{9B6BBE91-1012-498F-902C-D226ADB3B6AD}"
EndProject
Project("{FAE04EC0-301F-11D3-BF4B-00C04F79EFBC}") = "StudenRegister(WinformApp)", "StudenRegister(task25)\StudenRegister(WinformApp).csproj", "{76B96AA7-82D4-46B7-896A-D055A5DBB26B}"
EndProject
Project("{FAE04EC0-301F-11D3-BF4B-00C04F79EFBC}") = "TaskRepeat", "TaskRepeat\TaskRepeat.csproj", "{A3937F55-0D16-40E1-A507-6842CEEA69CD}"
EndProject
Project("{9A19103F-16F7-4668-BE54-9A1E7A4F7556}") = "task29", "task29\task29.csproj", "{F736A3FD-CF38-4626-873B-47A872752519}"
EndProject
Project("{FAE04EC0-301F-11D3-BF4B-00C04F79EFBC}") = "repeatTask", "repeatTask\repeatTask.csproj", "{019DA0C2-D363-491A-9F53-087E9EBD9A36}"
EndProject
Project("{FAE04EC0-301F-11D3-BF4B-00C04F79EFBC}") = "DotNetTasks(game)", "DotNetTasks(game)\DotNetTasks(game).csproj", "{47B35149-0FDF-48B2-9114-D64EC4C838EE}"
EndProject
Project("{FAE04EC0-301F-11D3-BF4B-00C04F79EFBC}") = "Pf", "Pf\Pf.csproj", "{5D23F367-5806-4A94-ABC6-B270CEA0FAAE}"
EndProject
Project("{FAE04EC0-301F-11D3-BF4B-00C04F79EFBC}") = "portoNew", "portoNew\portoNew.csproj", "{2029711B-8968-4BC4-ACBB-EBDB657DDBE6}"
EndProject
Global
	GlobalSection(SolutionConfigurationPlatforms) = preSolution
		Debug|Any CPU = Debug|Any CPU
		Release|Any CPU = Release|Any CPU
	EndGlobalSection
	GlobalSection(ProjectConfigurationPlatforms) = postSolution
		{C4308967-FF18-4F70-BD01-67AA18AAF082}.Debug|Any CPU.ActiveCfg = Debug|Any CPU
		{C4308967-FF18-4F70-BD01-67AA18AAF082}.Debug|Any CPU.Build.0 = Debug|Any CPU
		{C4308967-FF18-4F70-BD01-67AA18AAF082}.Release|Any CPU.ActiveCfg = Release|Any CPU
		{C4308967-FF18-4F70-BD01-67AA18AAF082}.Release|Any CPU.Build.0 = Release|Any CPU
		{A2AF8C95-E0A4-43F4-80F6-24550F59D5CD}.Debug|Any CPU.ActiveCfg = Debug|Any CPU
		{A2AF8C95-E0A4-43F4-80F6-24550F59D5CD}.Debug|Any CPU.Build.0 = Debug|Any CPU
		{A2AF8C95-E0A4-43F4-80F6-24550F59D5CD}.Release|Any CPU.ActiveCfg = Release|Any CPU
		{A2AF8C95-E0A4-43F4-80F6-24550F59D5CD}.Release|Any CPU.Build.0 = Release|Any CPU
		{2A96E6F1-504C-4251-959F-CDD32F3FFAD6}.Debug|Any CPU.ActiveCfg = Debug|Any CPU
		{2A96E6F1-504C-4251-959F-CDD32F3FFAD6}.Debug|Any CPU.Build.0 = Debug|Any CPU
		{2A96E6F1-504C-4251-959F-CDD32F3FFAD6}.Release|Any CPU.ActiveCfg = Release|Any CPU
		{2A96E6F1-504C-4251-959F-CDD32F3FFAD6}.Release|Any CPU.Build.0 = Release|Any CPU
		{D1E77D91-A759-4E79-BBB6-6F231DCF52ED}.Debug|Any CPU.ActiveCfg = Debug|Any CPU
		{D1E77D91-A759-4E79-BBB6-6F231DCF52ED}.Debug|Any CPU.Build.0 = Debug|Any CPU
		{D1E77D91-A759-4E79-BBB6-6F231DCF52ED}.Release|Any CPU.ActiveCfg = Release|Any CPU
		{D1E77D91-A759-4E79-BBB6-6F231DCF52ED}.Release|Any CPU.Build.0 = Release|Any CPU
		{D1BD3159-02A2-490B-9442-1547AAD0FB08}.Debug|Any CPU.ActiveCfg = Debug|Any CPU
		{D1BD3159-02A2-490B-9442-1547AAD0FB08}.Debug|Any CPU.Build.0 = Debug|Any CPU
		{D1BD3159-02A2-490B-9442-1547AAD0FB08}.Release|Any CPU.ActiveCfg = Release|Any CPU
		{D1BD3159-02A2-490B-9442-1547AAD0FB08}.Release|Any CPU.Build.0 = Release|Any CPU
		{F4B9D2AB-A954-4CC6-B1D2-D6B5AE04803F}.Debug|Any CPU.ActiveCfg = Debug|Any CPU
		{F4B9D2AB-A954-4CC6-B1D2-D6B5AE04803F}.Debug|Any CPU.Build.0 = Debug|Any CPU
		{F4B9D2AB-A954-4CC6-B1D2-D6B5AE04803F}.Release|Any CPU.ActiveCfg = Release|Any CPU
		{F4B9D2AB-A954-4CC6-B1D2-D6B5AE04803F}.Release|Any CPU.Build.0 = Release|Any CPU
		{2730996E-4178-40AC-BD29-57D55500782A}.Debug|Any CPU.ActiveCfg = Debug|Any CPU
		{2730996E-4178-40AC-BD29-57D55500782A}.Debug|Any CPU.Build.0 = Debug|Any CPU
		{2730996E-4178-40AC-BD29-57D55500782A}.Release|Any CPU.ActiveCfg = Release|Any CPU
		{2730996E-4178-40AC-BD29-57D55500782A}.Release|Any CPU.Build.0 = Release|Any CPU
		{59F603DF-2F1A-44CF-A0D4-01D7FA61A669}.Debug|Any CPU.ActiveCfg = Debug|Any CPU
		{59F603DF-2F1A-44CF-A0D4-01D7FA61A669}.Debug|Any CPU.Build.0 = Debug|Any CPU
		{59F603DF-2F1A-44CF-A0D4-01D7FA61A669}.Release|Any CPU.ActiveCfg = Release|Any CPU
		{59F603DF-2F1A-44CF-A0D4-01D7FA61A669}.Release|Any CPU.Build.0 = Release|Any CPU
		{D91CBE5A-A5F9-4553-B755-67E29A6E548C}.Debug|Any CPU.ActiveCfg = Debug|Any CPU
		{D91CBE5A-A5F9-4553-B755-67E29A6E548C}.Debug|Any CPU.Build.0 = Debug|Any CPU
		{D91CBE5A-A5F9-4553-B755-67E29A6E548C}.Release|Any CPU.ActiveCfg = Release|Any CPU
		{D91CBE5A-A5F9-4553-B755-67E29A6E548C}.Release|Any CPU.Build.0 = Release|Any CPU
		{9055B09E-8857-4F35-B5B0-419879E3207C}.Debug|Any CPU.ActiveCfg = Debug|Any CPU
		{9055B09E-8857-4F35-B5B0-419879E3207C}.Debug|Any CPU.Build.0 = Debug|Any CPU
		{9055B09E-8857-4F35-B5B0-419879E3207C}.Release|Any CPU.ActiveCfg = Release|Any CPU
		{9055B09E-8857-4F35-B5B0-419879E3207C}.Release|Any CPU.Build.0 = Release|Any CPU
		{5FFB6C5D-6C2E-438E-9992-DDB40B8F3965}.Debug|Any CPU.ActiveCfg = Debug|Any CPU
		{5FFB6C5D-6C2E-438E-9992-DDB40B8F3965}.Debug|Any CPU.Build.0 = Debug|Any CPU
		{5FFB6C5D-6C2E-438E-9992-DDB40B8F3965}.Release|Any CPU.ActiveCfg = Release|Any CPU
		{5FFB6C5D-6C2E-438E-9992-DDB40B8F3965}.Release|Any CPU.Build.0 = Release|Any CPU
		{DB6D78FC-3F2B-46EE-9031-2593FBE4C2DE}.Debug|Any CPU.ActiveCfg = Debug|Any CPU
		{DB6D78FC-3F2B-46EE-9031-2593FBE4C2DE}.Debug|Any CPU.Build.0 = Debug|Any CPU
		{DB6D78FC-3F2B-46EE-9031-2593FBE4C2DE}.Release|Any CPU.ActiveCfg = Release|Any CPU
		{DB6D78FC-3F2B-46EE-9031-2593FBE4C2DE}.Release|Any CPU.Build.0 = Release|Any CPU
		{B5F7083A-524F-4BCF-B7AE-6AA6B2253EB0}.Debug|Any CPU.ActiveCfg = Debug|Any CPU
		{B5F7083A-524F-4BCF-B7AE-6AA6B2253EB0}.Debug|Any CPU.Build.0 = Debug|Any CPU
		{B5F7083A-524F-4BCF-B7AE-6AA6B2253EB0}.Release|Any CPU.ActiveCfg = Release|Any CPU
		{B5F7083A-524F-4BCF-B7AE-6AA6B2253EB0}.Release|Any CPU.Build.0 = Release|Any CPU
		{13E3E770-0802-411E-9781-4CBCDCE11FBF}.Debug|Any CPU.ActiveCfg = Debug|Any CPU
		{13E3E770-0802-411E-9781-4CBCDCE11FBF}.Debug|Any CPU.Build.0 = Debug|Any CPU
		{13E3E770-0802-411E-9781-4CBCDCE11FBF}.Release|Any CPU.ActiveCfg = Release|Any CPU
		{13E3E770-0802-411E-9781-4CBCDCE11FBF}.Release|Any CPU.Build.0 = Release|Any CPU
		{9B6BBE91-1012-498F-902C-D226ADB3B6AD}.Debug|Any CPU.ActiveCfg = Debug|Any CPU
		{9B6BBE91-1012-498F-902C-D226ADB3B6AD}.Debug|Any CPU.Build.0 = Debug|Any CPU
		{9B6BBE91-1012-498F-902C-D226ADB3B6AD}.Release|Any CPU.ActiveCfg = Release|Any CPU
		{9B6BBE91-1012-498F-902C-D226ADB3B6AD}.Release|Any CPU.Build.0 = Release|Any CPU
		{76B96AA7-82D4-46B7-896A-D055A5DBB26B}.Debug|Any CPU.ActiveCfg = Debug|Any CPU
		{76B96AA7-82D4-46B7-896A-D055A5DBB26B}.Debug|Any CPU.Build.0 = Debug|Any CPU
		{76B96AA7-82D4-46B7-896A-D055A5DBB26B}.Release|Any CPU.ActiveCfg = Release|Any CPU
		{76B96AA7-82D4-46B7-896A-D055A5DBB26B}.Release|Any CPU.Build.0 = Release|Any CPU
		{A3937F55-0D16-40E1-A507-6842CEEA69CD}.Debug|Any CPU.ActiveCfg = Debug|Any CPU
		{A3937F55-0D16-40E1-A507-6842CEEA69CD}.Debug|Any CPU.Build.0 = Debug|Any CPU
		{A3937F55-0D16-40E1-A507-6842CEEA69CD}.Release|Any CPU.ActiveCfg = Release|Any CPU
		{A3937F55-0D16-40E1-A507-6842CEEA69CD}.Release|Any CPU.Build.0 = Release|Any CPU
		{F736A3FD-CF38-4626-873B-47A872752519}.Debug|Any CPU.ActiveCfg = Debug|Any CPU
		{F736A3FD-CF38-4626-873B-47A872752519}.Debug|Any CPU.Build.0 = Debug|Any CPU
		{F736A3FD-CF38-4626-873B-47A872752519}.Release|Any CPU.ActiveCfg = Release|Any CPU
		{F736A3FD-CF38-4626-873B-47A872752519}.Release|Any CPU.Build.0 = Release|Any CPU
		{019DA0C2-D363-491A-9F53-087E9EBD9A36}.Debug|Any CPU.ActiveCfg = Debug|Any CPU
		{019DA0C2-D363-491A-9F53-087E9EBD9A36}.Debug|Any CPU.Build.0 = Debug|Any CPU
		{019DA0C2-D363-491A-9F53-087E9EBD9A36}.Release|Any CPU.ActiveCfg = Release|Any CPU
		{019DA0C2-D363-491A-9F53-087E9EBD9A36}.Release|Any CPU.Build.0 = Release|Any CPU
		{47B35149-0FDF-48B2-9114-D64EC4C838EE}.Debug|Any CPU.ActiveCfg = Debug|Any CPU
		{47B35149-0FDF-48B2-9114-D64EC4C838EE}.Debug|Any CPU.Build.0 = Debug|Any CPU
		{47B35149-0FDF-48B2-9114-D64EC4C838EE}.Release|Any CPU.ActiveCfg = Release|Any CPU
		{47B35149-0FDF-48B2-9114-D64EC4C838EE}.Release|Any CPU.Build.0 = Release|Any CPU
		{5D23F367-5806-4A94-ABC6-B270CEA0FAAE}.Debug|Any CPU.ActiveCfg = Debug|Any CPU
		{5D23F367-5806-4A94-ABC6-B270CEA0FAAE}.Debug|Any CPU.Build.0 = Debug|Any CPU
		{5D23F367-5806-4A94-ABC6-B270CEA0FAAE}.Release|Any CPU.ActiveCfg = Release|Any CPU
		{5D23F367-5806-4A94-ABC6-B270CEA0FAAE}.Release|Any CPU.Build.0 = Release|Any CPU
		{2029711B-8968-4BC4-ACBB-EBDB657DDBE6}.Debug|Any CPU.ActiveCfg = Debug|Any CPU
		{2029711B-8968-4BC4-ACBB-EBDB657DDBE6}.Debug|Any CPU.Build.0 = Debug|Any CPU
		{2029711B-8968-4BC4-ACBB-EBDB657DDBE6}.Release|Any CPU.ActiveCfg = Release|Any CPU
		{2029711B-8968-4BC4-ACBB-EBDB657DDBE6}.Release|Any CPU.Build.0 = Release|Any CPU
	EndGlobalSection
	GlobalSection(SolutionProperties) = preSolution
		HideSolutionNode = FALSE
	EndGlobalSection
	GlobalSection(ExtensibilityGlobals) = postSolution
		SolutionGuid = {1C55AEF2-EE4A-460B-9127-E8DDF5721FB6}
	EndGlobalSection
EndGlobal
