
Microsoft Visual Studio Solution File, Format Version 12.00
# Visual Studio Version 16
VisualStudioVersion = 16.0.31702.278
MinimumVisualStudioVersion = 10.0.40219.1
Project("{FAE04EC0-301F-11D3-BF4B-00C04F79EFBC}") = "FirstRestApi", "FirstRestApi\FirstRestApi.csproj", "{D6E890BB-B1A3-41DC-846A-BC8CFB0D9F94}"
EndProject
Global
	GlobalSection(SolutionConfigurationPlatforms) = preSolution
		Debug|Any CPU = Debug|Any CPU
		Release|Any CPU = Release|Any CPU
	EndGlobalSection
	GlobalSection(ProjectConfigurationPlatforms) = postSolution
		{D6E890BB-B1A3-41DC-846A-BC8CFB0D9F94}.Debug|Any CPU.ActiveCfg = Debug|Any CPU
		{D6E890BB-B1A3-41DC-846A-BC8CFB0D9F94}.Debug|Any CPU.Build.0 = Debug|Any CPU
		{D6E890BB-B1A3-41DC-846A-BC8CFB0D9F94}.Release|Any CPU.ActiveCfg = Release|Any CPU
		{D6E890BB-B1A3-41DC-846A-BC8CFB0D9F94}.Release|Any CPU.Build.0 = Release|Any CPU
	EndGlobalSection
	GlobalSection(SolutionProperties) = preSolution
		HideSolutionNode = FALSE
	EndGlobalSection
	GlobalSection(ExtensibilityGlobals) = postSolution
		SolutionGuid = {480F5722-39B5-4EE8-985E-028DEF5EF340}
	EndGlobalSection
EndGlobal
