
Microsoft Visual Studio Solution File, Format Version 12.00
# Visual Studio Version 16
VisualStudioVersion = 16.0.31702.278
MinimumVisualStudioVersion = 10.0.40219.1
Project("{9A19103F-16F7-4668-BE54-9A1E7A4F7556}") = "AccountCreate(ConsoleApp)", "AccountCreate(ConsoleApp).csproj", "{5145217F-BB42-4CC8-ACF7-62DAF7021F73}"
EndProject
Global
	GlobalSection(SolutionConfigurationPlatforms) = preSolution
		Debug|Any CPU = Debug|Any CPU
		Release|Any CPU = Release|Any CPU
	EndGlobalSection
	GlobalSection(ProjectConfigurationPlatforms) = postSolution
		{5145217F-BB42-4CC8-ACF7-62DAF7021F73}.Debug|Any CPU.ActiveCfg = Debug|Any CPU
		{5145217F-BB42-4CC8-ACF7-62DAF7021F73}.Debug|Any CPU.Build.0 = Debug|Any CPU
		{5145217F-BB42-4CC8-ACF7-62DAF7021F73}.Release|Any CPU.ActiveCfg = Release|Any CPU
		{5145217F-BB42-4CC8-ACF7-62DAF7021F73}.Release|Any CPU.Build.0 = Release|Any CPU
	EndGlobalSection
	GlobalSection(SolutionProperties) = preSolution
		HideSolutionNode = FALSE
	EndGlobalSection
	GlobalSection(ExtensibilityGlobals) = postSolution
		SolutionGuid = {9DD558F7-9E02-4340-A152-F3FB917B89FE}
	EndGlobalSection
EndGlobal
